// !$*UTF8*$!
{
	archiveVersion = 1;
	classes = {
	};
	objectVersion = 46;
	objects = {

/* Begin PBXBuildFile section */
		836066731AE39E4C00A88F42 /* reader.cpp in Sources */ = {isa = PBXBuildFile; fileRef = 83DACD731AD7B8F400EE5004 /* reader.cpp */; };
		836066761AE3A67D00A88F42 /* header.cpp in Sources */ = {isa = PBXBuildFile; fileRef = 836066741AE3A67D00A88F42 /* header.cpp */; };
		8367D5D81AE3B2B1007807AC /* operations.cpp in Sources */ = {isa = PBXBuildFile; fileRef = 8324C4841AD969740063ACC2 /* operations.cpp */; };
		83DACD6D1AD7B89700EE5004 /* main.cpp in Sources */ = {isa = PBXBuildFile; fileRef = 83DACD6C1AD7B89700EE5004 /* main.cpp */; };
/* End PBXBuildFile section */

/* Begin PBXCopyFilesBuildPhase section */
		83DACD671AD7B89700EE5004 /* CopyFiles */ = {
			isa = PBXCopyFilesBuildPhase;
			buildActionMask = 2147483647;
			dstPath = /usr/share/man/man1/;
			dstSubfolderSpec = 0;
			files = (
			);
			runOnlyForDeploymentPostprocessing = 1;
		};
/* End PBXCopyFilesBuildPhase section */

/* Begin PBXFileReference section */
		83024C6F1AEE865C00A1435B /* x86_cmds.h */ = {isa = PBXFileReference; lastKnownFileType = sourcecode.c.h; path = x86_cmds.h; sourceTree = "<group>"; };
		8324C4841AD969740063ACC2 /* operations.cpp */ = {isa = PBXFileReference; fileEncoding = 4; lastKnownFileType = sourcecode.cpp.cpp; path = operations.cpp; sourceTree = "<group>"; };
		836066741AE3A67D00A88F42 /* header.cpp */ = {isa = PBXFileReference; fileEncoding = 4; lastKnownFileType = sourcecode.cpp.cpp; path = header.cpp; sourceTree = "<group>"; };
		836066751AE3A67D00A88F42 /* header.h */ = {isa = PBXFileReference; fileEncoding = 4; lastKnownFileType = sourcecode.c.h; path = header.h; sourceTree = "<group>"; };
		83DACD691AD7B89700EE5004 /* bin.translation */ = {isa = PBXFileReference; explicitFileType = "compiled.mach-o.executable"; includeInIndex = 0; path = bin.translation; sourceTree = BUILT_PRODUCTS_DIR; };
		83DACD6C1AD7B89700EE5004 /* main.cpp */ = {isa = PBXFileReference; lastKnownFileType = sourcecode.cpp.cpp; path = main.cpp; sourceTree = "<group>"; };
		83DACD731AD7B8F400EE5004 /* reader.cpp */ = {isa = PBXFileReference; fileEncoding = 4; lastKnownFileType = sourcecode.cpp.cpp; path = reader.cpp; sourceTree = "<group>"; };
		83DACD741AD7B8F400EE5004 /* reader.h */ = {isa = PBXFileReference; fileEncoding = 4; lastKnownFileType = sourcecode.c.h; path = reader.h; sourceTree = "<group>"; };
		83DACD761AD7BC0A00EE5004 /* codification.h */ = {isa = PBXFileReference; lastKnownFileType = sourcecode.c.h; path = codification.h; sourceTree = "<group>"; };
/* End PBXFileReference section */

/* Begin PBXFrameworksBuildPhase section */
		83DACD661AD7B89700EE5004 /* Frameworks */ = {
			isa = PBXFrameworksBuildPhase;
			buildActionMask = 2147483647;
			files = (
			);
			runOnlyForDeploymentPostprocessing = 0;
		};
/* End PBXFrameworksBuildPhase section */

/* Begin PBXGroup section */
		83DACD601AD7B89700EE5004 = {
			isa = PBXGroup;
			children = (
				83DACD6B1AD7B89700EE5004 /* bin.translation */,
				83DACD6A1AD7B89700EE5004 /* Products */,
			);
			sourceTree = "<group>";
		};
		83DACD6A1AD7B89700EE5004 /* Products */ = {
			isa = PBXGroup;
			children = (
				83DACD691AD7B89700EE5004 /* bin.translation */,
			);
			name = Products;
			sourceTree = "<group>";
		};
		83DACD6B1AD7B89700EE5004 /* bin.translation */ = {
			isa = PBXGroup;
			children = (
				83DACD6C1AD7B89700EE5004 /* main.cpp */,
				83DACD731AD7B8F400EE5004 /* reader.cpp */,
				83DACD741AD7B8F400EE5004 /* reader.h */,
				8324C4841AD969740063ACC2 /* operations.cpp */,
				836066741AE3A67D00A88F42 /* header.cpp */,
				836066751AE3A67D00A88F42 /* header.h */,
				83DACD761AD7BC0A00EE5004 /* codification.h */,
				83024C6F1AEE865C00A1435B /* x86_cmds.h */,
			);
			path = bin.translation;
			sourceTree = "<group>";
		};
/* End PBXGroup section */

/* Begin PBXNativeTarget section */
		83DACD681AD7B89700EE5004 /* bin.translation */ = {
			isa = PBXNativeTarget;
			buildConfigurationList = 83DACD701AD7B89700EE5004 /* Build configuration list for PBXNativeTarget "bin.translation" */;
			buildPhases = (
				83DACD651AD7B89700EE5004 /* Sources */,
				83DACD661AD7B89700EE5004 /* Frameworks */,
				83DACD671AD7B89700EE5004 /* CopyFiles */,
			);
			buildRules = (
			);
			dependencies = (
			);
			name = bin.translation;
			productName = bin.translation;
			productReference = 83DACD691AD7B89700EE5004 /* bin.translation */;
			productType = "com.apple.product-type.tool";
		};
/* End PBXNativeTarget section */

/* Begin PBXProject section */
		83DACD611AD7B89700EE5004 /* Project object */ = {
			isa = PBXProject;
			attributes = {
				LastUpgradeCheck = 0630;
				ORGANIZATIONNAME = "Григорий Чирков";
				TargetAttributes = {
					83DACD681AD7B89700EE5004 = {
						CreatedOnToolsVersion = 6.3;
					};
				};
			};
			buildConfigurationList = 83DACD641AD7B89700EE5004 /* Build configuration list for PBXProject "bin.translation" */;
			compatibilityVersion = "Xcode 3.2";
			developmentRegion = English;
			hasScannedForEncodings = 0;
			knownRegions = (
				en,
			);
			mainGroup = 83DACD601AD7B89700EE5004;
			productRefGroup = 83DACD6A1AD7B89700EE5004 /* Products */;
			projectDirPath = "";
			projectRoot = "";
			targets = (
				83DACD681AD7B89700EE5004 /* bin.translation */,
			);
		};
/* End PBXProject section */

/* Begin PBXSourcesBuildPhase section */
		83DACD651AD7B89700EE5004 /* Sources */ = {
			isa = PBXSourcesBuildPhase;
			buildActionMask = 2147483647;
			files = (
				836066761AE3A67D00A88F42 /* header.cpp in Sources */,
				836066731AE39E4C00A88F42 /* reader.cpp in Sources */,
				83DACD6D1AD7B89700EE5004 /* main.cpp in Sources */,
				8367D5D81AE3B2B1007807AC /* operations.cpp in Sources */,
			);
			runOnlyForDeploymentPostprocessing = 0;
		};
/* End PBXSourcesBuildPhase section */

/* Begin XCBuildConfiguration section */
		83DACD6E1AD7B89700EE5004 /* Debug */ = {
			isa = XCBuildConfiguration;
			buildSettings = {
				ALWAYS_SEARCH_USER_PATHS = NO;
				CLANG_CXX_LANGUAGE_STANDARD = "gnu++0x";
				CLANG_CXX_LIBRARY = "libc++";
				CLANG_ENABLE_MODULES = YES;
				CLANG_ENABLE_OBJC_ARC = YES;
				CLANG_WARN_BOOL_CONVERSION = YES;
				CLANG_WARN_CONSTANT_CONVERSION = YES;
				CLANG_WARN_DIRECT_OBJC_ISA_USAGE = YES_ERROR;
				CLANG_WARN_EMPTY_BODY = YES;
				CLANG_WARN_ENUM_CONVERSION = YES;
				CLANG_WARN_INT_CONVERSION = YES;
				CLANG_WARN_OBJC_ROOT_CLASS = YES_ERROR;
				CLANG_WARN_UNREACHABLE_CODE = YES;
				CLANG_WARN__DUPLICATE_METHOD_MATCH = YES;
				COPY_PHASE_STRIP = NO;
				DEBUG_INFORMATION_FORMAT = dwarf;
				ENABLE_STRICT_OBJC_MSGSEND = YES;
				GCC_C_LANGUAGE_STANDARD = gnu99;
				GCC_DYNAMIC_NO_PIC = NO;
				GCC_NO_COMMON_BLOCKS = YES;
				GCC_OPTIMIZATION_LEVEL = 0;
				GCC_PREPROCESSOR_DEFINITIONS = (
					"DEBUG=1",
					"$(inherited)",
				);
				GCC_SYMBOLS_PRIVATE_EXTERN = NO;
				GCC_WARN_64_TO_32_BIT_CONVERSION = YES;
				GCC_WARN_ABOUT_RETURN_TYPE = YES_ERROR;
				GCC_WARN_UNDECLARED_SELECTOR = YES;
				GCC_WARN_UNINITIALIZED_AUTOS = YES_AGGRESSIVE;
				GCC_WARN_UNUSED_FUNCTION = YES;
				GCC_WARN_UNUSED_VARIABLE = YES;
				MACOSX_DEPLOYMENT_TARGET = 10.10;
				MTL_ENABLE_DEBUG_INFO = YES;
				ONLY_ACTIVE_ARCH = YES;
				SDKROOT = macosx;
			};
			name = Debug;
		};
		83DACD6F1AD7B89700EE5004 /* Release */ = {
			isa = XCBuildConfiguration;
			buildSettings = {
				ALWAYS_SEARCH_USER_PATHS = NO;
				CLANG_CXX_LANGUAGE_STANDARD = "gnu++0x";
				CLANG_CXX_LIBRARY = "libc++";
				CLANG_ENABLE_MODULES = YES;
				CLANG_ENABLE_OBJC_ARC = YES;
				CLANG_WARN_BOOL_CONVERSION = YES;
				CLANG_WARN_CONSTANT_CONVERSION = YES;
				CLANG_WARN_DIRECT_OBJC_ISA_USAGE = YES_ERROR;
				CLANG_WARN_EMPTY_BODY = YES;
				CLANG_WARN_ENUM_CONVERSION = YES;
				CLANG_WARN_INT_CONVERSION = YES;
				CLANG_WARN_OBJC_ROOT_CLASS = YES_ERROR;
				CLANG_WARN_UNREACHABLE_CODE = YES;
				CLANG_WARN__DUPLICATE_METHOD_MATCH = YES;
				COPY_PHASE_STRIP = NO;
				DEBUG_INFORMATION_FORMAT = "dwarf-with-dsym";
				ENABLE_NS_ASSERTIONS = NO;
				ENABLE_STRICT_OBJC_MSGSEND = YES;
				GCC_C_LANGUAGE_STANDARD = gnu99;
				GCC_NO_COMMON_BLOCKS = YES;
				GCC_WARN_64_TO_32_BIT_CONVERSION = YES;
				GCC_WARN_ABOUT_RETURN_TYPE = YES_ERROR;
				GCC_WARN_UNDECLARED_SELECTOR = YES;
				GCC_WARN_UNINITIALIZED_AUTOS = YES_AGGRESSIVE;
				GCC_WARN_UNUSED_FUNCTION = YES;
				GCC_WARN_UNUSED_VARIABLE = YES;
				MACOSX_DEPLOYMENT_TARGET = 10.10;
				MTL_ENABLE_DEBUG_INFO = NO;
				SDKROOT = macosx;
			};
			name = Release;
		};
		83DACD711AD7B89700EE5004 /* Debug */ = {
			isa = XCBuildConfiguration;
			buildSettings = {
				PRODUCT_NAME = "$(TARGET_NAME)";
			};
			name = Debug;
		};
		83DACD721AD7B89700EE5004 /* Release */ = {
			isa = XCBuildConfiguration;
			buildSettings = {
				PRODUCT_NAME = "$(TARGET_NAME)";
			};
			name = Release;
		};
/* End XCBuildConfiguration section */

/* Begin XCConfigurationList section */
		83DACD641AD7B89700EE5004 /* Build configuration list for PBXProject "bin.translation" */ = {
			isa = XCConfigurationList;
			buildConfigurations = (
				83DACD6E1AD7B89700EE5004 /* Debug */,
				83DACD6F1AD7B89700EE5004 /* Release */,
			);
			defaultConfigurationIsVisible = 0;
			defaultConfigurationName = Release;
		};
		83DACD701AD7B89700EE5004 /* Build configuration list for PBXNativeTarget "bin.translation" */ = {
			isa = XCConfigurationList;
			buildConfigurations = (
				83DACD711AD7B89700EE5004 /* Debug */,
				83DACD721AD7B89700EE5004 /* Release */,
			);
			defaultConfigurationIsVisible = 0;
			defaultConfigurationName = Release;
		};
/* End XCConfigurationList section */
	};
	rootObject = 83DACD611AD7B89700EE5004 /* Project object */;
}
